Microsoft Visual Studio Solution File, Format Version 12.00
# Visual Studio Version 17
VisualStudioVersion = 17.5.2.0
MinimumVisualStudioVersion = 10.0.40219.1
Project("{FAE04EC0-301F-11D3-BF4B-00C04F79EFBC}") = "NaukriScraperApi", "NaukriScraperApi\NaukriScraperApi.csproj", "{7EDA878C-A2A2-9C2B-BC95-842E3C75BDF5}"
EndProject
Global
	GlobalSection(SolutionConfigurationPlatforms) = preSolution
		Debug|Any CPU = Debug|Any CPU
		Release|Any CPU = Release|Any CPU
	EndGlobalSection
	GlobalSection(ProjectConfigurationPlatforms) = postSolution
		{7EDA878C-A2A2-9C2B-BC95-842E3C75BDF5}.Debug|Any CPU.ActiveCfg = Debug|Any CPU
		{7EDA878C-A2A2-9C2B-BC95-842E3C75BDF5}.Debug|Any CPU.Build.0 = Debug|Any CPU
		{7EDA878C-A2A2-9C2B-BC95-842E3C75BDF5}.Release|Any CPU.ActiveCfg = Release|Any CPU
		{7EDA878C-A2A2-9C2B-BC95-842E3C75BDF5}.Release|Any CPU.Build.0 = Release|Any CPU
	EndGlobalSection
	GlobalSection(SolutionProperties) = preSolution
		HideSolutionNode = FALSE
	EndGlobalSection
	GlobalSection(ExtensibilityGlobals) = postSolution
		SolutionGuid = {B250E760-929D-4ECB-BE5C-0B88A3552CA5}
	EndGlobalSection
EndGlobal
